
Microsoft Visual Studio Solution File, Format Version 12.00
# Visual Studio Version 17
VisualStudioVersion = 17.10.35027.167
MinimumVisualStudioVersion = 10.0.40219.1
Project("{FAE04EC0-301F-11D3-BF4B-00C04F79EFBC}") = "Sharkup", "Sharkup\Sharkup.csproj", "{B7C561AB-E7C9-490F-BA87-3E28CFBAD773}"
EndProject
Global
	GlobalSection(SolutionConfigurationPlatforms) = preSolution
		Debug|Any CPU = Debug|Any CPU
		Release|Any CPU = Release|Any CPU
	EndGlobalSection
	GlobalSection(ProjectConfigurationPlatforms) = postSolution
		{B7C561AB-E7C9-490F-BA87-3E28CFBAD773}.Debug|Any CPU.ActiveCfg = Debug|Any CPU
		{B7C561AB-E7C9-490F-BA87-3E28CFBAD773}.Debug|Any CPU.Build.0 = Debug|Any CPU
		{B7C561AB-E7C9-490F-BA87-3E28CFBAD773}.Release|Any CPU.ActiveCfg = Release|Any CPU
		{B7C561AB-E7C9-490F-BA87-3E28CFBAD773}.Release|Any CPU.Build.0 = Release|Any CPU
	EndGlobalSection
	GlobalSection(SolutionProperties) = preSolution
		HideSolutionNode = FALSE
	EndGlobalSection
	GlobalSection(ExtensibilityGlobals) = postSolution
		SolutionGuid = {BDC835DC-7980-4C56-A040-479AA6C88206}
	EndGlobalSection
EndGlobal
